
Microsoft Visual Studio Solution File, Format Version 12.00
# Visual Studio Version 16
VisualStudioVersion = 16.0.31321.278
MinimumVisualStudioVersion = 10.0.40219.1
Project("{FAE04EC0-301F-11D3-BF4B-00C04F79EFBC}") = "StudyCasesConsole", "StudyCasesConsole.csproj", "{AB14CAD7-0952-4AEF-A9D8-3098901820F8}"
EndProject
Global
	GlobalSection(SolutionConfigurationPlatforms) = preSolution
		Debug|Any CPU = Debug|Any CPU
		Release|Any CPU = Release|Any CPU
	EndGlobalSection
	GlobalSection(ProjectConfigurationPlatforms) = postSolution
		{AB14CAD7-0952-4AEF-A9D8-3098901820F8}.Debug|Any CPU.ActiveCfg = Debug|Any CPU
		{AB14CAD7-0952-4AEF-A9D8-3098901820F8}.Debug|Any CPU.Build.0 = Debug|Any CPU
		{AB14CAD7-0952-4AEF-A9D8-3098901820F8}.Release|Any CPU.ActiveCfg = Release|Any CPU
		{AB14CAD7-0952-4AEF-A9D8-3098901820F8}.Release|Any CPU.Build.0 = Release|Any CPU
	EndGlobalSection
	GlobalSection(SolutionProperties) = preSolution
		HideSolutionNode = FALSE
	EndGlobalSection
	GlobalSection(ExtensibilityGlobals) = postSolution
		SolutionGuid = {BEBA63DF-74D0-4211-8014-EDBFCA23E5DA}
	EndGlobalSection
EndGlobal
